
Microsoft Visual Studio Solution File, Format Version 12.00
# Visual Studio Version 17
VisualStudioVersion = 17.6.33829.357
MinimumVisualStudioVersion = 10.0.40219.1
Project("{FAE04EC0-301F-11D3-BF4B-00C04F79EFBC}") = "Task_1", "Task_1\Task_1.csproj", "{730C02A6-03B5-4B48-AC87-C7A9EBF955F0}"
EndProject
Project("{FAE04EC0-301F-11D3-BF4B-00C04F79EFBC}") = "Task_2", "Task_2\Task_2.csproj", "{160291CE-BD4F-41B1-BA6A-D8A9B81A89D9}"
EndProject
Global
	GlobalSection(SolutionConfigurationPlatforms) = preSolution
		Debug|Any CPU = Debug|Any CPU
		Release|Any CPU = Release|Any CPU
	EndGlobalSection
	GlobalSection(ProjectConfigurationPlatforms) = postSolution
		{730C02A6-03B5-4B48-AC87-C7A9EBF955F0}.Debug|Any CPU.ActiveCfg = Debug|Any CPU
		{730C02A6-03B5-4B48-AC87-C7A9EBF955F0}.Debug|Any CPU.Build.0 = Debug|Any CPU
		{730C02A6-03B5-4B48-AC87-C7A9EBF955F0}.Release|Any CPU.ActiveCfg = Release|Any CPU
		{730C02A6-03B5-4B48-AC87-C7A9EBF955F0}.Release|Any CPU.Build.0 = Release|Any CPU
		{160291CE-BD4F-41B1-BA6A-D8A9B81A89D9}.Debug|Any CPU.ActiveCfg = Debug|Any CPU
		{160291CE-BD4F-41B1-BA6A-D8A9B81A89D9}.Debug|Any CPU.Build.0 = Debug|Any CPU
		{160291CE-BD4F-41B1-BA6A-D8A9B81A89D9}.Release|Any CPU.ActiveCfg = Release|Any CPU
		{160291CE-BD4F-41B1-BA6A-D8A9B81A89D9}.Release|Any CPU.Build.0 = Release|Any CPU
	EndGlobalSection
	GlobalSection(SolutionProperties) = preSolution
		HideSolutionNode = FALSE
	EndGlobalSection
	GlobalSection(ExtensibilityGlobals) = postSolution
		SolutionGuid = {F12A9B9F-A8E5-4960-AAD9-7CCF62EEDCBA}
	EndGlobalSection
EndGlobal
